// !$*UTF8*$!
{
	archiveVersion = 1;
	classes = {
	};
	objectVersion = 50;
	objects = {

/* Begin PBXBuildFile section */
		844BD15E2BCD84980045AD76 /* AppDelegate.swift in Sources */ = {isa = PBXBuildFile; fileRef = 844BD15D2BCD84980045AD76 /* AppDelegate.swift */; };
		844BD1602BCD84980045AD76 /* SceneDelegate.swift in Sources */ = {isa = PBXBuildFile; fileRef = 844BD15F2BCD84980045AD76 /* SceneDelegate.swift */; };
		844BD1622BCD84980045AD76 /* ViewController.swift in Sources */ = {isa = PBXBuildFile; fileRef = 844BD1612BCD84980045AD76 /* ViewController.swift */; };
		844BD1652BCD84980045AD76 /* Main.storyboard in Resources */ = {isa = PBXBuildFile; fileRef = 844BD1632BCD84980045AD76 /* Main.storyboard */; };
		844BD1672BCD849E0045AD76 /* Assets.xcassets in Resources */ = {isa = PBXBuildFile; fileRef = 844BD1662BCD849E0045AD76 /* Assets.xcassets */; };
		844BD16A2BCD849E0045AD76 /* LaunchScreen.storyboard in Resources */ = {isa = PBXBuildFile; fileRef = 844BD1682BCD849E0045AD76 /* LaunchScreen.storyboard */; };
		844BD1752BCD849E0045AD76 /* PAGridTests.swift in Sources */ = {isa = PBXBuildFile; fileRef = 844BD1742BCD849E0045AD76 /* PAGridTests.swift */; };
		844BD1802BCD849F0045AD76 /* PAGridUITests.swift in Sources */ = {isa = PBXBuildFile; fileRef = 844BD17F2BCD849F0045AD76 /* PAGridUITests.swift */; };
		844BD1912BCD850F0045AD76 /* PAGridCell.swift in Sources */ = {isa = PBXBuildFile; fileRef = 844BD1902BCD850F0045AD76 /* PAGridCell.swift */; };
/* End PBXBuildFile section */

/* Begin PBXContainerItemProxy section */
		844BD1712BCD849E0045AD76 /* PBXContainerItemProxy */ = {
			isa = PBXContainerItemProxy;
			containerPortal = 844BD1522BCD84980045AD76 /* Project object */;
			proxyType = 1;
			remoteGlobalIDString = 844BD1592BCD84980045AD76;
			remoteInfo = PAGrid;
		};
		844BD17C2BCD849F0045AD76 /* PBXContainerItemProxy */ = {
			isa = PBXContainerItemProxy;
			containerPortal = 844BD1522BCD84980045AD76 /* Project object */;
			proxyType = 1;
			remoteGlobalIDString = 844BD1592BCD84980045AD76;
			remoteInfo = PAGrid;
		};
/* End PBXContainerItemProxy section */

/* Begin PBXFileReference section */
		844BD15A2BCD84980045AD76 /* PAGrid.app */ = {isa = PBXFileReference; explicitFileType = wrapper.application; includeInIndex = 0; path = PAGrid.app; sourceTree = BUILT_PRODUCTS_DIR; };
		844BD15D2BCD84980045AD76 /* AppDelegate.swift */ = {isa = PBXFileReference; lastKnownFileType = sourcecode.swift; path = AppDelegate.swift; sourceTree = "<group>"; };
		844BD15F2BCD84980045AD76 /* SceneDelegate.swift */ = {isa = PBXFileReference; lastKnownFileType = sourcecode.swift; path = SceneDelegate.swift; sourceTree = "<group>"; };
		844BD1612BCD84980045AD76 /* ViewController.swift */ = {isa = PBXFileReference; lastKnownFileType = sourcecode.swift; path = ViewController.swift; sourceTree = "<group>"; };
		844BD1642BCD84980045AD76 /* Base */ = {isa = PBXFileReference; lastKnownFileType = file.storyboard; name = Base; path = Base.lproj/Main.storyboard; sourceTree = "<group>"; };
		844BD1662BCD849E0045AD76 /* Assets.xcassets */ = {isa = PBXFileReference; lastKnownFileType = folder.assetcatalog; path = Assets.xcassets; sourceTree = "<group>"; };
		844BD1692BCD849E0045AD76 /* Base */ = {isa = PBXFileReference; lastKnownFileType = file.storyboard; name = Base; path = Base.lproj/LaunchScreen.storyboard; sourceTree = "<group>"; };
		844BD16B2BCD849E0045AD76 /* Info.plist */ = {isa = PBXFileReference; lastKnownFileType = text.plist.xml; path = Info.plist; sourceTree = "<group>"; };
		844BD1702BCD849E0045AD76 /* PAGridTests.xctest */ = {isa = PBXFileReference; explicitFileType = wrapper.cfbundle; includeInIndex = 0; path = PAGridTests.xctest; sourceTree = BUILT_PRODUCTS_DIR; };
		844BD1742BCD849E0045AD76 /* PAGridTests.swift */ = {isa = PBXFileReference; lastKnownFileType = sourcecode.swift; path = PAGridTests.swift; sourceTree = "<group>"; };
		844BD1762BCD849E0045AD76 /* Info.plist */ = {isa = PBXFileReference; lastKnownFileType = text.plist.xml; path = Info.plist; sourceTree = "<group>"; };
		844BD17B2BCD849F0045AD76 /* PAGridUITests.xctest */ = {isa = PBXFileReference; explicitFileType = wrapper.cfbundle; includeInIndex = 0; path = PAGridUITests.xctest; sourceTree = BUILT_PRODUCTS_DIR; };
		844BD17F2BCD849F0045AD76 /* PAGridUITests.swift */ = {isa = PBXFileReference; lastKnownFileType = sourcecode.swift; path = PAGridUITests.swift; sourceTree = "<group>"; };
		844BD1812BCD849F0045AD76 /* Info.plist */ = {isa = PBXFileReference; lastKnownFileType = text.plist.xml; path = Info.plist; sourceTree = "<group>"; };
		844BD1902BCD850F0045AD76 /* PAGridCell.swift */ = {isa = PBXFileReference; lastKnownFileType = sourcecode.swift; path = PAGridCell.swift; sourceTree = "<group>"; };
/* End PBXFileReference section */

/* Begin PBXFrameworksBuildPhase section */
		844BD1572BCD84980045AD76 /* Frameworks */ = {
			isa = PBXFrameworksBuildPhase;
			buildActionMask = 2147483647;
			files = (
			);
			runOnlyForDeploymentPostprocessing = 0;
		};
		844BD16D2BCD849E0045AD76 /* Frameworks */ = {
			isa = PBXFrameworksBuildPhase;
			buildActionMask = 2147483647;
			files = (
			);
			runOnlyForDeploymentPostprocessing = 0;
		};
		844BD1782BCD849F0045AD76 /* Frameworks */ = {
			isa = PBXFrameworksBuildPhase;
			buildActionMask = 2147483647;
			files = (
			);
			runOnlyForDeploymentPostprocessing = 0;
		};
/* End PBXFrameworksBuildPhase section */

/* Begin PBXGroup section */
		844BD1512BCD84980045AD76 = {
			isa = PBXGroup;
			children = (
				844BD15C2BCD84980045AD76 /* PAGrid */,
				844BD1732BCD849E0045AD76 /* PAGridTests */,
				844BD17E2BCD849F0045AD76 /* PAGridUITests */,
				844BD15B2BCD84980045AD76 /* Products */,
			);
			sourceTree = "<group>";
		};
		844BD15B2BCD84980045AD76 /* Products */ = {
			isa = PBXGroup;
			children = (
				844BD15A2BCD84980045AD76 /* PAGrid.app */,
				844BD1702BCD849E0045AD76 /* PAGridTests.xctest */,
				844BD17B2BCD849F0045AD76 /* PAGridUITests.xctest */,
			);
			name = Products;
			sourceTree = "<group>";
		};
		844BD15C2BCD84980045AD76 /* PAGrid */ = {
			isa = PBXGroup;
			children = (
				844BD1952BCD851B0045AD76 /* New Group */,
				844BD15D2BCD84980045AD76 /* AppDelegate.swift */,
				844BD15F2BCD84980045AD76 /* SceneDelegate.swift */,
				844BD1612BCD84980045AD76 /* ViewController.swift */,
				844BD1632BCD84980045AD76 /* Main.storyboard */,
				844BD1662BCD849E0045AD76 /* Assets.xcassets */,
				844BD1682BCD849E0045AD76 /* LaunchScreen.storyboard */,
				844BD16B2BCD849E0045AD76 /* Info.plist */,
				844BD1902BCD850F0045AD76 /* PAGridCell.swift */,
			);
			path = PAGrid;
			sourceTree = "<group>";
		};
		844BD1732BCD849E0045AD76 /* PAGridTests */ = {
			isa = PBXGroup;
			children = (
				844BD1742BCD849E0045AD76 /* PAGridTests.swift */,
				844BD1762BCD849E0045AD76 /* Info.plist */,
			);
			path = PAGridTests;
			sourceTree = "<group>";
		};
		844BD17E2BCD849F0045AD76 /* PAGridUITests */ = {
			isa = PBXGroup;
			children = (
				844BD17F2BCD849F0045AD76 /* PAGridUITests.swift */,
				844BD1812BCD849F0045AD76 /* Info.plist */,
			);
			path = PAGridUITests;
			sourceTree = "<group>";
		};
		844BD1952BCD851B0045AD76 /* New Group */ = {
			isa = PBXGroup;
			children = (
			);
			path = "New Group";
			sourceTree = "<group>";
		};
/* End PBXGroup section */

/* Begin PBXNativeTarget section */
		844BD1592BCD84980045AD76 /* PAGrid */ = {
			isa = PBXNativeTarget;
			buildConfigurationList = 844BD1842BCD849F0045AD76 /* Build configuration list for PBXNativeTarget "PAGrid" */;
			buildPhases = (
				844BD1562BCD84980045AD76 /* Sources */,
				844BD1572BCD84980045AD76 /* Frameworks */,
				844BD1582BCD84980045AD76 /* Resources */,
			);
			buildRules = (
			);
			dependencies = (
			);
			name = PAGrid;
			productName = PAGrid;
			productReference = 844BD15A2BCD84980045AD76 /* PAGrid.app */;
			productType = "com.apple.product-type.application";
		};
		844BD16F2BCD849E0045AD76 /* PAGridTests */ = {
			isa = PBXNativeTarget;
			buildConfigurationList = 844BD1872BCD849F0045AD76 /* Build configuration list for PBXNativeTarget "PAGridTests" */;
			buildPhases = (
				844BD16C2BCD849E0045AD76 /* Sources */,
				844BD16D2BCD849E0045AD76 /* Frameworks */,
				844BD16E2BCD849E0045AD76 /* Resources */,
			);
			buildRules = (
			);
			dependencies = (
				844BD1722BCD849E0045AD76 /* PBXTargetDependency */,
			);
			name = PAGridTests;
			productName = PAGridTests;
			productReference = 844BD1702BCD849E0045AD76 /* PAGridTests.xctest */;
			productType = "com.apple.product-type.bundle.unit-test";
		};
		844BD17A2BCD849F0045AD76 /* PAGridUITests */ = {
			isa = PBXNativeTarget;
			buildConfigurationList = 844BD18A2BCD849F0045AD76 /* Build configuration list for PBXNativeTarget "PAGridUITests" */;
			buildPhases = (
				844BD1772BCD849F0045AD76 /* Sources */,
				844BD1782BCD849F0045AD76 /* Frameworks */,
				844BD1792BCD849F0045AD76 /* Resources */,
			);
			buildRules = (
			);
			dependencies = (
				844BD17D2BCD849F0045AD76 /* PBXTargetDependency */,
			);
			name = PAGridUITests;
			productName = PAGridUITests;
			productReference = 844BD17B2BCD849F0045AD76 /* PAGridUITests.xctest */;
			productType = "com.apple.product-type.bundle.ui-testing";
		};
/* End PBXNativeTarget section */

/* Begin PBXProject section */
		844BD1522BCD84980045AD76 /* Project object */ = {
			isa = PBXProject;
			attributes = {
				LastSwiftUpdateCheck = 1230;
				LastUpgradeCheck = 1230;
				TargetAttributes = {
					844BD1592BCD84980045AD76 = {
						CreatedOnToolsVersion = 12.3;
					};
					844BD16F2BCD849E0045AD76 = {
						CreatedOnToolsVersion = 12.3;
						TestTargetID = 844BD1592BCD84980045AD76;
					};
					844BD17A2BCD849F0045AD76 = {
						CreatedOnToolsVersion = 12.3;
						TestTargetID = 844BD1592BCD84980045AD76;
					};
				};
			};
			buildConfigurationList = 844BD1552BCD84980045AD76 /* Build configuration list for PBXProject "PAGrid" */;
			compatibilityVersion = "Xcode 9.3";
			developmentRegion = en;
			hasScannedForEncodings = 0;
			knownRegions = (
				en,
				Base,
			);
			mainGroup = 844BD1512BCD84980045AD76;
			productRefGroup = 844BD15B2BCD84980045AD76 /* Products */;
			projectDirPath = "";
			projectRoot = "";
			targets = (
				844BD1592BCD84980045AD76 /* PAGrid */,
				844BD16F2BCD849E0045AD76 /* PAGridTests */,
				844BD17A2BCD849F0045AD76 /* PAGridUITests */,
			);
		};
/* End PBXProject section */

/* Begin PBXResourcesBuildPhase section */
		844BD1582BCD84980045AD76 /* Resources */ = {
			isa = PBXResourcesBuildPhase;
			buildActionMask = 2147483647;
			files = (
				844BD16A2BCD849E0045AD76 /* LaunchScreen.storyboard in Resources */,
				844BD1672BCD849E0045AD76 /* Assets.xcassets in Resources */,
				844BD1652BCD84980045AD76 /* Main.storyboard in Resources */,
			);
			runOnlyForDeploymentPostprocessing = 0;
		};
		844BD16E2BCD849E0045AD76 /* Resources */ = {
			isa = PBXResourcesBuildPhase;
			buildActionMask = 2147483647;
			files = (
			);
			runOnlyForDeploymentPostprocessing = 0;
		};
		844BD1792BCD849F0045AD76 /* Resources */ = {
			isa = PBXResourcesBuildPhase;
			buildActionMask = 2147483647;
			files = (
			);
			runOnlyForDeploymentPostprocessing = 0;
		};
/* End PBXResourcesBuildPhase section */

/* Begin PBXSourcesBuildPhase section */
		844BD1562BCD84980045AD76 /* Sources */ = {
			isa = PBXSourcesBuildPhase;
			buildActionMask = 2147483647;
			files = (
				844BD1622BCD84980045AD76 /* ViewController.swift in Sources */,
				844BD15E2BCD84980045AD76 /* AppDelegate.swift in Sources */,
				844BD1912BCD850F0045AD76 /* PAGridCell.swift in Sources */,
				844BD1602BCD84980045AD76 /* SceneDelegate.swift in Sources */,
			);
			runOnlyForDeploymentPostprocessing = 0;
		};
		844BD16C2BCD849E0045AD76 /* Sources */ = {
			isa = PBXSourcesBuildPhase;
			buildActionMask = 2147483647;
			files = (
				844BD1752BCD849E0045AD76 /* PAGridTests.swift in Sources */,
			);
			runOnlyForDeploymentPostprocessing = 0;
		};
		844BD1772BCD849F0045AD76 /* Sources */ = {
			isa = PBXSourcesBuildPhase;
			buildActionMask = 2147483647;
			files = (
				844BD1802BCD849F0045AD76 /* PAGridUITests.swift in Sources */,
			);
			runOnlyForDeploymentPostprocessing = 0;
		};
/* End PBXSourcesBuildPhase section */

/* Begin PBXTargetDependency section */
		844BD1722BCD849E0045AD76 /* PBXTargetDependency */ = {
			isa = PBXTargetDependency;
			target = 844BD1592BCD84980045AD76 /* PAGrid */;
			targetProxy = 844BD1712BCD849E0045AD76 /* PBXContainerItemProxy */;
		};
		844BD17D2BCD849F0045AD76 /* PBXTargetDependency */ = {
			isa = PBXTargetDependency;
			target = 844BD1592BCD84980045AD76 /* PAGrid */;
			targetProxy = 844BD17C2BCD849F0045AD76 /* PBXContainerItemProxy */;
		};
/* End PBXTargetDependency section */

/* Begin PBXVariantGroup section */
		844BD1632BCD84980045AD76 /* Main.storyboard */ = {
			isa = PBXVariantGroup;
			children = (
				844BD1642BCD84980045AD76 /* Base */,
			);
			name = Main.storyboard;
			sourceTree = "<group>";
		};
		844BD1682BCD849E0045AD76 /* LaunchScreen.storyboard */ = {
			isa = PBXVariantGroup;
			children = (
				844BD1692BCD849E0045AD76 /* Base */,
			);
			name = LaunchScreen.storyboard;
			sourceTree = "<group>";
		};
/* End PBXVariantGroup section */

/* Begin XCBuildConfiguration section */
		844BD1822BCD849F0045AD76 /* Debug */ = {
			isa = XCBuildConfiguration;
			buildSettings = {
				ALWAYS_SEARCH_USER_PATHS = NO;
				CLANG_ANALYZER_NONNULL = YES;
				CLANG_ANALYZER_NUMBER_OBJECT_CONVERSION = YES_AGGRESSIVE;
				CLANG_CXX_LANGUAGE_STANDARD = "gnu++14";
				CLANG_CXX_LIBRARY = "libc++";
				CLANG_ENABLE_MODULES = YES;
				CLANG_ENABLE_OBJC_ARC = YES;
				CLANG_ENABLE_OBJC_WEAK = YES;
				CLANG_WARN_BLOCK_CAPTURE_AUTORELEASING = YES;
				CLANG_WARN_BOOL_CONVERSION = YES;
				CLANG_WARN_COMMA = YES;
				CLANG_WARN_CONSTANT_CONVERSION = YES;
				CLANG_WARN_DEPRECATED_OBJC_IMPLEMENTATIONS = YES;
				CLANG_WARN_DIRECT_OBJC_ISA_USAGE = YES_ERROR;
				CLANG_WARN_DOCUMENTATION_COMMENTS = YES;
				CLANG_WARN_EMPTY_BODY = YES;
				CLANG_WARN_ENUM_CONVERSION = YES;
				CLANG_WARN_INFINITE_RECURSION = YES;
				CLANG_WARN_INT_CONVERSION = YES;
				CLANG_WARN_NON_LITERAL_NULL_CONVERSION = YES;
				CLANG_WARN_OBJC_IMPLICIT_RETAIN_SELF = YES;
				CLANG_WARN_OBJC_LITERAL_CONVERSION = YES;
				CLANG_WARN_OBJC_ROOT_CLASS = YES_ERROR;
				CLANG_WARN_QUOTED_INCLUDE_IN_FRAMEWORK_HEADER = YES;
				CLANG_WARN_RANGE_LOOP_ANALYSIS = YES;
				CLANG_WARN_STRICT_PROTOTYPES = YES;
				CLANG_WARN_SUSPICIOUS_MOVE = YES;
				CLANG_WARN_UNGUARDED_AVAILABILITY = YES_AGGRESSIVE;
				CLANG_WARN_UNREACHABLE_CODE = YES;
				CLANG_WARN__DUPLICATE_METHOD_MATCH = YES;
				COPY_PHASE_STRIP = NO;
				DEBUG_INFORMATION_FORMAT = dwarf;
				ENABLE_STRICT_OBJC_MSGSEND = YES;
				ENABLE_TESTABILITY = YES;
				GCC_C_LANGUAGE_STANDARD = gnu11;
				GCC_DYNAMIC_NO_PIC = NO;
				GCC_NO_COMMON_BLOCKS = YES;
				GCC_OPTIMIZATION_LEVEL = 0;
				GCC_PREPROCESSOR_DEFINITIONS = (
					"DEBUG=1",
					"$(inherited)",
				);
				GCC_WARN_64_TO_32_BIT_CONVERSION = YES;
				GCC_WARN_ABOUT_RETURN_TYPE = YES_ERROR;
				GCC_WARN_UNDECLARED_SELECTOR = YES;
				GCC_WARN_UNINITIALIZED_AUTOS = YES_AGGRESSIVE;
				GCC_WARN_UNUSED_FUNCTION = YES;
				GCC_WARN_UNUSED_VARIABLE = YES;
				IPHONEOS_DEPLOYMENT_TARGET = 14.3;
				MTL_ENABLE_DEBUG_INFO = INCLUDE_SOURCE;
				MTL_FAST_MATH = YES;
				ONLY_ACTIVE_ARCH = YES;
				SDKROOT = iphoneos;
				SWIFT_ACTIVE_COMPILATION_CONDITIONS = DEBUG;
				SWIFT_OPTIMIZATION_LEVEL = "-Onone";
			};
			name = Debug;
		};
		844BD1832BCD849F0045AD76 /* Release */ = {
			isa = XCBuildConfiguration;
			buildSettings = {
				ALWAYS_SEARCH_USER_PATHS = NO;
				CLANG_ANALYZER_NONNULL = YES;
				CLANG_ANALYZER_NUMBER_OBJECT_CONVERSION = YES_AGGRESSIVE;
				CLANG_CXX_LANGUAGE_STANDARD = "gnu++14";
				CLANG_CXX_LIBRARY = "libc++";
				CLANG_ENABLE_MODULES = YES;
				CLANG_ENABLE_OBJC_ARC = YES;
				CLANG_ENABLE_OBJC_WEAK = YES;
				CLANG_WARN_BLOCK_CAPTURE_AUTORELEASING = YES;
				CLANG_WARN_BOOL_CONVERSION = YES;
				CLANG_WARN_COMMA = YES;
				CLANG_WARN_CONSTANT_CONVERSION = YES;
				CLANG_WARN_DEPRECATED_OBJC_IMPLEMENTATIONS = YES;
				CLANG_WARN_DIRECT_OBJC_ISA_USAGE = YES_ERROR;
				CLANG_WARN_DOCUMENTATION_COMMENTS = YES;
				CLANG_WARN_EMPTY_BODY = YES;
				CLANG_WARN_ENUM_CONVERSION = YES;
				CLANG_WARN_INFINITE_RECURSION = YES;
				CLANG_WARN_INT_CONVERSION = YES;
				CLANG_WARN_NON_LITERAL_NULL_CONVERSION = YES;
				CLANG_WARN_OBJC_IMPLICIT_RETAIN_SELF = YES;
				CLANG_WARN_OBJC_LITERAL_CONVERSION = YES;
				CLANG_WARN_OBJC_ROOT_CLASS = YES_ERROR;
				CLANG_WARN_QUOTED_INCLUDE_IN_FRAMEWORK_HEADER = YES;
				CLANG_WARN_RANGE_LOOP_ANALYSIS = YES;
				CLANG_WARN_STRICT_PROTOTYPES = YES;
				CLANG_WARN_SUSPICIOUS_MOVE = YES;
				CLANG_WARN_UNGUARDED_AVAILABILITY = YES_AGGRESSIVE;
				CLANG_WARN_UNREACHABLE_CODE = YES;
				CLANG_WARN__DUPLICATE_METHOD_MATCH = YES;
				COPY_PHASE_STRIP = NO;
				DEBUG_INFORMATION_FORMAT = "dwarf-with-dsym";
				ENABLE_NS_ASSERTIONS = NO;
				ENABLE_STRICT_OBJC_MSGSEND = YES;
				GCC_C_LANGUAGE_STANDARD = gnu11;
				GCC_NO_COMMON_BLOCKS = YES;
				GCC_WARN_64_TO_32_BIT_CONVERSION = YES;
				GCC_WARN_ABOUT_RETURN_TYPE = YES_ERROR;
				GCC_WARN_UNDECLARED_SELECTOR = YES;
				GCC_WARN_UNINITIALIZED_AUTOS = YES_AGGRESSIVE;
				GCC_WARN_UNUSED_FUNCTION = YES;
				GCC_WARN_UNUSED_VARIABLE = YES;
				IPHONEOS_DEPLOYMENT_TARGET = 14.3;
				MTL_ENABLE_DEBUG_INFO = NO;
				MTL_FAST_MATH = YES;
				SDKROOT = iphoneos;
				SWIFT_COMPILATION_MODE = wholemodule;
				SWIFT_OPTIMIZATION_LEVEL = "-O";
				VALIDATE_PRODUCT = YES;
			};
			name = Release;
		};
		844BD1852BCD849F0045AD76 /* Debug */ = {
			isa = XCBuildConfiguration;
			buildSettings = {
				ASSETCATALOG_COMPILER_APPICON_NAME = AppIcon;
				ASSETCATALOG_COMPILER_GLOBAL_ACCENT_COLOR_NAME = AccentColor;
				CODE_SIGN_STYLE = Automatic;
				INFOPLIST_FILE = PAGrid/Info.plist;
				LD_RUNPATH_SEARCH_PATHS = (
					"$(inherited)",
					"@executable_path/Frameworks",
				);
				PRODUCT_BUNDLE_IDENTIFIER = com.bheema.PAGrid;
				PRODUCT_NAME = "$(TARGET_NAME)";
				SWIFT_VERSION = 5.0;
				TARGETED_DEVICE_FAMILY = "1,2";
			};
			name = Debug;
		};
		844BD1862BCD849F0045AD76 /* Release */ = {
			isa = XCBuildConfiguration;
			buildSettings = {
				ASSETCATALOG_COMPILER_APPICON_NAME = AppIcon;
				ASSETCATALOG_COMPILER_GLOBAL_ACCENT_COLOR_NAME = AccentColor;
				CODE_SIGN_STYLE = Automatic;
				INFOPLIST_FILE = PAGrid/Info.plist;
				LD_RUNPATH_SEARCH_PATHS = (
					"$(inherited)",
					"@executable_path/Frameworks",
				);
				PRODUCT_BUNDLE_IDENTIFIER = com.bheema.PAGrid;
				PRODUCT_NAME = "$(TARGET_NAME)";
				SWIFT_VERSION = 5.0;
				TARGETED_DEVICE_FAMILY = "1,2";
			};
			name = Release;
		};
		844BD1882BCD849F0045AD76 /* Debug */ = {
			isa = XCBuildConfiguration;
			buildSettings = {
				ALWAYS_EMBED_SWIFT_STANDARD_LIBRARIES = YES;
				BUNDLE_LOADER = "$(TEST_HOST)";
				CODE_SIGN_STYLE = Automatic;
				INFOPLIST_FILE = PAGridTests/Info.plist;
				IPHONEOS_DEPLOYMENT_TARGET = 14.3;
				LD_RUNPATH_SEARCH_PATHS = (
					"$(inherited)",
					"@executable_path/Frameworks",
					"@loader_path/Frameworks",
				);
				PRODUCT_BUNDLE_IDENTIFIER = com.bheema.PAGridTests;
				PRODUCT_NAME = "$(TARGET_NAME)";
				SWIFT_VERSION = 5.0;
				TARGETED_DEVICE_FAMILY = "1,2";
				TEST_HOST = "$(BUILT_PRODUCTS_DIR)/PAGrid.app/PAGrid";
			};
			name = Debug;
		};
		844BD1892BCD849F0045AD76 /* Release */ = {
			isa = XCBuildConfiguration;
			buildSettings = {
				ALWAYS_EMBED_SWIFT_STANDARD_LIBRARIES = YES;
				BUNDLE_LOADER = "$(TEST_HOST)";
				CODE_SIGN_STYLE = Automatic;
				INFOPLIST_FILE = PAGridTests/Info.plist;
				IPHONEOS_DEPLOYMENT_TARGET = 14.3;
				LD_RUNPATH_SEARCH_PATHS = (
					"$(inherited)",
					"@executable_path/Frameworks",
					"@loader_path/Frameworks",
				);
				PRODUCT_BUNDLE_IDENTIFIER = com.bheema.PAGridTests;
				PRODUCT_NAME = "$(TARGET_NAME)";
				SWIFT_VERSION = 5.0;
				TARGETED_DEVICE_FAMILY = "1,2";
				TEST_HOST = "$(BUILT_PRODUCTS_DIR)/PAGrid.app/PAGrid";
			};
			name = Release;
		};
		844BD18B2BCD849F0045AD76 /* Debug */ = {
			isa = XCBuildConfiguration;
			buildSettings = {
				ALWAYS_EMBED_SWIFT_STANDARD_LIBRARIES = YES;
				CODE_SIGN_STYLE = Automatic;
				INFOPLIST_FILE = PAGridUITests/Info.plist;
				LD_RUNPATH_SEARCH_PATHS = (
					"$(inherited)",
					"@executable_path/Frameworks",
					"@loader_path/Frameworks",
				);
				PRODUCT_BUNDLE_IDENTIFIER = com.bheema.PAGridUITests;
				PRODUCT_NAME = "$(TARGET_NAME)";
				SWIFT_VERSION = 5.0;
				TARGETED_DEVICE_FAMILY = "1,2";
				TEST_TARGET_NAME = PAGrid;
			};
			name = Debug;
		};
		844BD18C2BCD849F0045AD76 /* Release */ = {
			isa = XCBuildConfiguration;
			buildSettings = {
				ALWAYS_EMBED_SWIFT_STANDARD_LIBRARIES = YES;
				CODE_SIGN_STYLE = Automatic;
				INFOPLIST_FILE = PAGridUITests/Info.plist;
				LD_RUNPATH_SEARCH_PATHS = (
					"$(inherited)",
					"@executable_path/Frameworks",
					"@loader_path/Frameworks",
				);
				PRODUCT_BUNDLE_IDENTIFIER = com.bheema.PAGridUITests;
				PRODUCT_NAME = "$(TARGET_NAME)";
				SWIFT_VERSION = 5.0;
				TARGETED_DEVICE_FAMILY = "1,2";
				TEST_TARGET_NAME = PAGrid;
			};
			name = Release;
		};
/* End XCBuildConfiguration section */

/* Begin XCConfigurationList section */
		844BD1552BCD84980045AD76 /* Build configuration list for PBXProject "PAGrid" */ = {
			isa = XCConfigurationList;
			buildConfigurations = (
				844BD1822BCD849F0045AD76 /* Debug */,
				844BD1832BCD849F0045AD76 /* Release */,
			);
			defaultConfigurationIsVisible = 0;
			defaultConfigurationName = Release;
		};
		844BD1842BCD849F0045AD76 /* Build configuration list for PBXNativeTarget "PAGrid" */ = {
			isa = XCConfigurationList;
			buildConfigurations = (
				844BD1852BCD849F0045AD76 /* Debug */,
				844BD1862BCD849F0045AD76 /* Release */,
			);
			defaultConfigurationIsVisible = 0;
			defaultConfigurationName = Release;
		};
		844BD1872BCD849F0045AD76 /* Build configuration list for PBXNativeTarget "PAGridTests" */ = {
			isa = XCConfigurationList;
			buildConfigurations = (
				844BD1882BCD849F0045AD76 /* Debug */,
				844BD1892BCD849F0045AD76 /* Release */,
			);
			defaultConfigurationIsVisible = 0;
			defaultConfigurationName = Release;
		};
		844BD18A2BCD849F0045AD76 /* Build configuration list for PBXNativeTarget "PAGridUITests" */ = {
			isa = XCConfigurationList;
			buildConfigurations = (
				844BD18B2BCD849F0045AD76 /* Debug */,
				844BD18C2BCD849F0045AD76 /* Release */,
			);
			defaultConfigurationIsVisible = 0;
			defaultConfigurationName = Release;
		};
/* End XCConfigurationList section */
	};
	rootObject = 844BD1522BCD84980045AD76 /* Project object */;
}
